// !$*UTF8*$!
{
	archiveVersion = 1;
	classes = {
	};
	objectVersion = 55;
	objects = {

/* Begin PBXBuildFile section */
		37D326E428856E1E000EB6C7 /* Currency_SwiftUIApp.swift in Sources */ = {isa = PBXBuildFile; fileRef = 37D326E328856E1E000EB6C7 /* Currency_SwiftUIApp.swift */; };
		37D326E628856E1E000EB6C7 /* ContentView.swift in Sources */ = {isa = PBXBuildFile; fileRef = 37D326E528856E1E000EB6C7 /* ContentView.swift */; };
		37D326E828856E21000EB6C7 /* Assets.xcassets in Resources */ = {isa = PBXBuildFile; fileRef = 37D326E728856E21000EB6C7 /* Assets.xcassets */; };
		37D326EB28856E21000EB6C7 /* Preview Assets.xcassets in Resources */ = {isa = PBXBuildFile; fileRef = 37D326EA28856E21000EB6C7 /* Preview Assets.xcassets */; };
		37D326F328856EA2000EB6C7 /* APIRequest.swift in Sources */ = {isa = PBXBuildFile; fileRef = 37D326F228856EA2000EB6C7 /* APIRequest.swift */; };
		37D326F628856EF2000EB6C7 /* Alamofire in Frameworks */ = {isa = PBXBuildFile; productRef = 37D326F528856EF2000EB6C7 /* Alamofire */; };
		37D326F928856F85000EB6C7 /* CalculatorView.swift in Sources */ = {isa = PBXBuildFile; fileRef = 37D326F828856F85000EB6C7 /* CalculatorView.swift */; };
		37D326FB28856FF9000EB6C7 /* CalculatorViewModel.swift in Sources */ = {isa = PBXBuildFile; fileRef = 37D326FA28856FF9000EB6C7 /* CalculatorViewModel.swift */; };
		37D32709288571A3000EB6C7 /* JSONDecoder.swift in Sources */ = {isa = PBXBuildFile; fileRef = 37D32708288571A3000EB6C7 /* JSONDecoder.swift */; };
		37D3270B288571D7000EB6C7 /* Currency.swift in Sources */ = {isa = PBXBuildFile; fileRef = 37D3270A288571D7000EB6C7 /* Currency.swift */; };
		37D3270E28857348000EB6C7 /* CurrencyService.swift in Sources */ = {isa = PBXBuildFile; fileRef = 37D3270D28857348000EB6C7 /* CurrencyService.swift */; };
		37D3271128857398000EB6C7 /* GetCurrencyList.swift in Sources */ = {isa = PBXBuildFile; fileRef = 37D3271028857398000EB6C7 /* GetCurrencyList.swift */; };
		37D3271D28858867000EB6C7 /* Date.swift in Sources */ = {isa = PBXBuildFile; fileRef = 37D3271C28858867000EB6C7 /* Date.swift */; };
		37D3271F28858960000EB6C7 /* CurrencyViewModel.swift in Sources */ = {isa = PBXBuildFile; fileRef = 37D3271E28858960000EB6C7 /* CurrencyViewModel.swift */; };
		37F730B62885B16800956C07 /* HistoryViewModel.swift in Sources */ = {isa = PBXBuildFile; fileRef = 37F730B52885B16800956C07 /* HistoryViewModel.swift */; };
		37F730B92885B1B300956C07 /* HistoryManager.swift in Sources */ = {isa = PBXBuildFile; fileRef = 37F730B82885B1B300956C07 /* HistoryManager.swift */; };
		37F730C52885C49800956C07 /* HistoryView.swift in Sources */ = {isa = PBXBuildFile; fileRef = 37F730C42885C49800956C07 /* HistoryView.swift */; };
/* End PBXBuildFile section */

/* Begin PBXFileReference section */
		37D326E028856E1E000EB6C7 /* Currency_SwiftUI.app */ = {isa = PBXFileReference; explicitFileType = wrapper.application; includeInIndex = 0; path = Currency_SwiftUI.app; sourceTree = BUILT_PRODUCTS_DIR; };
		37D326E328856E1E000EB6C7 /* Currency_SwiftUIApp.swift */ = {isa = PBXFileReference; lastKnownFileType = sourcecode.swift; path = Currency_SwiftUIApp.swift; sourceTree = "<group>"; };
		37D326E528856E1E000EB6C7 /* ContentView.swift */ = {isa = PBXFileReference; lastKnownFileType = sourcecode.swift; path = ContentView.swift; sourceTree = "<group>"; };
		37D326E728856E21000EB6C7 /* Assets.xcassets */ = {isa = PBXFileReference; lastKnownFileType = folder.assetcatalog; path = Assets.xcassets; sourceTree = "<group>"; };
		37D326EA28856E21000EB6C7 /* Preview Assets.xcassets */ = {isa = PBXFileReference; lastKnownFileType = folder.assetcatalog; path = "Preview Assets.xcassets"; sourceTree = "<group>"; };
		37D326F228856EA2000EB6C7 /* APIRequest.swift */ = {isa = PBXFileReference; lastKnownFileType = sourcecode.swift; path = APIRequest.swift; sourceTree = "<group>"; };
		37D326F828856F85000EB6C7 /* CalculatorView.swift */ = {isa = PBXFileReference; lastKnownFileType = sourcecode.swift; path = CalculatorView.swift; sourceTree = "<group>"; };
		37D326FA28856FF9000EB6C7 /* CalculatorViewModel.swift */ = {isa = PBXFileReference; lastKnownFileType = sourcecode.swift; path = CalculatorViewModel.swift; sourceTree = "<group>"; };
		37D32708288571A3000EB6C7 /* JSONDecoder.swift */ = {isa = PBXFileReference; lastKnownFileType = sourcecode.swift; path = JSONDecoder.swift; sourceTree = "<group>"; };
		37D3270A288571D7000EB6C7 /* Currency.swift */ = {isa = PBXFileReference; lastKnownFileType = sourcecode.swift; path = Currency.swift; sourceTree = "<group>"; };
		37D3270D28857348000EB6C7 /* CurrencyService.swift */ = {isa = PBXFileReference; lastKnownFileType = sourcecode.swift; path = CurrencyService.swift; sourceTree = "<group>"; };
		37D3271028857398000EB6C7 /* GetCurrencyList.swift */ = {isa = PBXFileReference; lastKnownFileType = sourcecode.swift; path = GetCurrencyList.swift; sourceTree = "<group>"; };
		37D3271C28858867000EB6C7 /* Date.swift */ = {isa = PBXFileReference; lastKnownFileType = sourcecode.swift; path = Date.swift; sourceTree = "<group>"; };
		37D3271E28858960000EB6C7 /* CurrencyViewModel.swift */ = {isa = PBXFileReference; lastKnownFileType = sourcecode.swift; path = CurrencyViewModel.swift; sourceTree = "<group>"; };
		37F730B52885B16800956C07 /* HistoryViewModel.swift */ = {isa = PBXFileReference; lastKnownFileType = sourcecode.swift; path = HistoryViewModel.swift; sourceTree = "<group>"; };
		37F730B82885B1B300956C07 /* HistoryManager.swift */ = {isa = PBXFileReference; lastKnownFileType = sourcecode.swift; path = HistoryManager.swift; sourceTree = "<group>"; };
		37F730C42885C49800956C07 /* HistoryView.swift */ = {isa = PBXFileReference; lastKnownFileType = sourcecode.swift; path = HistoryView.swift; sourceTree = "<group>"; };
/* End PBXFileReference section */

/* Begin PBXFrameworksBuildPhase section */
		37D326DD28856E1E000EB6C7 /* Frameworks */ = {
			isa = PBXFrameworksBuildPhase;
			buildActionMask = 2147483647;
			files = (
				37D326F628856EF2000EB6C7 /* Alamofire in Frameworks */,
			);
			runOnlyForDeploymentPostprocessing = 0;
		};
/* End PBXFrameworksBuildPhase section */

/* Begin PBXGroup section */
		37D326D728856E1E000EB6C7 = {
			isa = PBXGroup;
			children = (
				37D326E228856E1E000EB6C7 /* Currency_SwiftUI */,
				37D326E128856E1E000EB6C7 /* Products */,
			);
			sourceTree = "<group>";
		};
		37D326E128856E1E000EB6C7 /* Products */ = {
			isa = PBXGroup;
			children = (
				37D326E028856E1E000EB6C7 /* Currency_SwiftUI.app */,
			);
			name = Products;
			sourceTree = "<group>";
		};
		37D326E228856E1E000EB6C7 /* Currency_SwiftUI */ = {
			isa = PBXGroup;
			children = (
				37F730B72885B1A000956C07 /* Cache */,
				37D3270728857194000EB6C7 /* Extension */,
				37D326FC28857033000EB6C7 /* Model */,
				37D326F128856E5E000EB6C7 /* API */,
				37D326E328856E1E000EB6C7 /* Currency_SwiftUIApp.swift */,
				37D326E528856E1E000EB6C7 /* ContentView.swift */,
				37D326F728856F68000EB6C7 /* Views */,
				37D326E728856E21000EB6C7 /* Assets.xcassets */,
				37D326E928856E21000EB6C7 /* Preview Content */,
			);
			path = Currency_SwiftUI;
			sourceTree = "<group>";
		};
		37D326E928856E21000EB6C7 /* Preview Content */ = {
			isa = PBXGroup;
			children = (
				37D326EA28856E21000EB6C7 /* Preview Assets.xcassets */,
			);
			path = "Preview Content";
			sourceTree = "<group>";
		};
		37D326F128856E5E000EB6C7 /* API */ = {
			isa = PBXGroup;
			children = (
				37D3270F28857382000EB6C7 /* Requests */,
				37D3270C28857339000EB6C7 /* Services */,
				37D326F228856EA2000EB6C7 /* APIRequest.swift */,
			);
			path = API;
			sourceTree = "<group>";
		};
		37D326F728856F68000EB6C7 /* Views */ = {
			isa = PBXGroup;
			children = (
				37D326F828856F85000EB6C7 /* CalculatorView.swift */,
				37D326FA28856FF9000EB6C7 /* CalculatorViewModel.swift */,
				37F730C42885C49800956C07 /* HistoryView.swift */,
			);
			path = Views;
			sourceTree = "<group>";
		};
		37D326FC28857033000EB6C7 /* Model */ = {
			isa = PBXGroup;
			children = (
				37D3270A288571D7000EB6C7 /* Currency.swift */,
				37D3271E28858960000EB6C7 /* CurrencyViewModel.swift */,
				37F730B52885B16800956C07 /* HistoryViewModel.swift */,
			);
			path = Model;
			sourceTree = "<group>";
		};
		37D3270728857194000EB6C7 /* Extension */ = {
			isa = PBXGroup;
			children = (
				37D32708288571A3000EB6C7 /* JSONDecoder.swift */,
				37D3271C28858867000EB6C7 /* Date.swift */,
			);
			path = Extension;
			sourceTree = "<group>";
		};
		37D3270C28857339000EB6C7 /* Services */ = {
			isa = PBXGroup;
			children = (
				37D3270D28857348000EB6C7 /* CurrencyService.swift */,
			);
			path = Services;
			sourceTree = "<group>";
		};
		37D3270F28857382000EB6C7 /* Requests */ = {
			isa = PBXGroup;
			children = (
				37D3271028857398000EB6C7 /* GetCurrencyList.swift */,
			);
			path = Requests;
			sourceTree = "<group>";
		};
		37F730B72885B1A000956C07 /* Cache */ = {
			isa = PBXGroup;
			children = (
				37F730B82885B1B300956C07 /* HistoryManager.swift */,
			);
			path = Cache;
			sourceTree = "<group>";
		};
/* End PBXGroup section */

/* Begin PBXNativeTarget section */
		37D326DF28856E1E000EB6C7 /* Currency_SwiftUI */ = {
			isa = PBXNativeTarget;
			buildConfigurationList = 37D326EE28856E21000EB6C7 /* Build configuration list for PBXNativeTarget "Currency_SwiftUI" */;
			buildPhases = (
				37D326DC28856E1E000EB6C7 /* Sources */,
				37D326DD28856E1E000EB6C7 /* Frameworks */,
				37D326DE28856E1E000EB6C7 /* Resources */,
			);
			buildRules = (
			);
			dependencies = (
			);
			name = Currency_SwiftUI;
			packageProductDependencies = (
				37D326F528856EF2000EB6C7 /* Alamofire */,
			);
			productName = Currency_SwiftUI;
			productReference = 37D326E028856E1E000EB6C7 /* Currency_SwiftUI.app */;
			productType = "com.apple.product-type.application";
		};
/* End PBXNativeTarget section */

/* Begin PBXProject section */
		37D326D828856E1E000EB6C7 /* Project object */ = {
			isa = PBXProject;
			attributes = {
				BuildIndependentTargetsInParallel = 1;
				LastSwiftUpdateCheck = 1340;
				LastUpgradeCheck = 1340;
				TargetAttributes = {
					37D326DF28856E1E000EB6C7 = {
						CreatedOnToolsVersion = 13.4.1;
					};
				};
			};
			buildConfigurationList = 37D326DB28856E1E000EB6C7 /* Build configuration list for PBXProject "Currency_SwiftUI" */;
			compatibilityVersion = "Xcode 13.0";
			developmentRegion = en;
			hasScannedForEncodings = 0;
			knownRegions = (
				en,
				Base,
			);
			mainGroup = 37D326D728856E1E000EB6C7;
			packageReferences = (
				37D326F428856EF2000EB6C7 /* XCRemoteSwiftPackageReference "Alamofire" */,
			);
			productRefGroup = 37D326E128856E1E000EB6C7 /* Products */;
			projectDirPath = "";
			projectRoot = "";
			targets = (
				37D326DF28856E1E000EB6C7 /* Currency_SwiftUI */,
			);
		};
/* End PBXProject section */

/* Begin PBXResourcesBuildPhase section */
		37D326DE28856E1E000EB6C7 /* Resources */ = {
			isa = PBXResourcesBuildPhase;
			buildActionMask = 2147483647;
			files = (
				37D326EB28856E21000EB6C7 /* Preview Assets.xcassets in Resources */,
				37D326E828856E21000EB6C7 /* Assets.xcassets in Resources */,
			);
			runOnlyForDeploymentPostprocessing = 0;
		};
/* End PBXResourcesBuildPhase section */

/* Begin PBXSourcesBuildPhase section */
		37D326DC28856E1E000EB6C7 /* Sources */ = {
			isa = PBXSourcesBuildPhase;
			buildActionMask = 2147483647;
			files = (
				37D32709288571A3000EB6C7 /* JSONDecoder.swift in Sources */,
				37D3271F28858960000EB6C7 /* CurrencyViewModel.swift in Sources */,
				37D3271D28858867000EB6C7 /* Date.swift in Sources */,
				37D3271128857398000EB6C7 /* GetCurrencyList.swift in Sources */,
				37D326E628856E1E000EB6C7 /* ContentView.swift in Sources */,
				37D326FB28856FF9000EB6C7 /* CalculatorViewModel.swift in Sources */,
				37F730B92885B1B300956C07 /* HistoryManager.swift in Sources */,
				37F730C52885C49800956C07 /* HistoryView.swift in Sources */,
				37D326F328856EA2000EB6C7 /* APIRequest.swift in Sources */,
				37F730B62885B16800956C07 /* HistoryViewModel.swift in Sources */,
				37D3270E28857348000EB6C7 /* CurrencyService.swift in Sources */,
				37D326E428856E1E000EB6C7 /* Currency_SwiftUIApp.swift in Sources */,
				37D3270B288571D7000EB6C7 /* Currency.swift in Sources */,
				37D326F928856F85000EB6C7 /* CalculatorView.swift in Sources */,
			);
			runOnlyForDeploymentPostprocessing = 0;
		};
/* End PBXSourcesBuildPhase section */

/* Begin XCBuildConfiguration section */
		37D326EC28856E21000EB6C7 /* Debug */ = {
			isa = XCBuildConfiguration;
			buildSettings = {
				ALWAYS_SEARCH_USER_PATHS = NO;
				CLANG_ANALYZER_NONNULL = YES;
				CLANG_ANALYZER_NUMBER_OBJECT_CONVERSION = YES_AGGRESSIVE;
				CLANG_CXX_LANGUAGE_STANDARD = "gnu++17";
				CLANG_ENABLE_MODULES = YES;
				CLANG_ENABLE_OBJC_ARC = YES;
				CLANG_ENABLE_OBJC_WEAK = YES;
				CLANG_WARN_BLOCK_CAPTURE_AUTORELEASING = YES;
				CLANG_WARN_BOOL_CONVERSION = YES;
				CLANG_WARN_COMMA = YES;
				CLANG_WARN_CONSTANT_CONVERSION = YES;
				CLANG_WARN_DEPRECATED_OBJC_IMPLEMENTATIONS = YES;
				CLANG_WARN_DIRECT_OBJC_ISA_USAGE = YES_ERROR;
				CLANG_WARN_DOCUMENTATION_COMMENTS = YES;
				CLANG_WARN_EMPTY_BODY = YES;
				CLANG_WARN_ENUM_CONVERSION = YES;
				CLANG_WARN_INFINITE_RECURSION = YES;
				CLANG_WARN_INT_CONVERSION = YES;
				CLANG_WARN_NON_LITERAL_NULL_CONVERSION = YES;
				CLANG_WARN_OBJC_IMPLICIT_RETAIN_SELF = YES;
				CLANG_WARN_OBJC_LITERAL_CONVERSION = YES;
				CLANG_WARN_OBJC_ROOT_CLASS = YES_ERROR;
				CLANG_WARN_QUOTED_INCLUDE_IN_FRAMEWORK_HEADER = YES;
				CLANG_WARN_RANGE_LOOP_ANALYSIS = YES;
				CLANG_WARN_STRICT_PROTOTYPES = YES;
				CLANG_WARN_SUSPICIOUS_MOVE = YES;
				CLANG_WARN_UNGUARDED_AVAILABILITY = YES_AGGRESSIVE;
				CLANG_WARN_UNREACHABLE_CODE = YES;
				CLANG_WARN__DUPLICATE_METHOD_MATCH = YES;
				COPY_PHASE_STRIP = NO;
				DEBUG_INFORMATION_FORMAT = dwarf;
				ENABLE_STRICT_OBJC_MSGSEND = YES;
				ENABLE_TESTABILITY = YES;
				GCC_C_LANGUAGE_STANDARD = gnu11;
				GCC_DYNAMIC_NO_PIC = NO;
				GCC_NO_COMMON_BLOCKS = YES;
				GCC_OPTIMIZATION_LEVEL = 0;
				GCC_PREPROCESSOR_DEFINITIONS = (
					"DEBUG=1",
					"$(inherited)",
				);
				GCC_WARN_64_TO_32_BIT_CONVERSION = YES;
				GCC_WARN_ABOUT_RETURN_TYPE = YES_ERROR;
				GCC_WARN_UNDECLARED_SELECTOR = YES;
				GCC_WARN_UNINITIALIZED_AUTOS = YES_AGGRESSIVE;
				GCC_WARN_UNUSED_FUNCTION = YES;
				GCC_WARN_UNUSED_VARIABLE = YES;
				IPHONEOS_DEPLOYMENT_TARGET = 15.5;
				MTL_ENABLE_DEBUG_INFO = INCLUDE_SOURCE;
				MTL_FAST_MATH = YES;
				ONLY_ACTIVE_ARCH = YES;
				SDKROOT = iphoneos;
				SWIFT_ACTIVE_COMPILATION_CONDITIONS = DEBUG;
				SWIFT_OPTIMIZATION_LEVEL = "-Onone";
			};
			name = Debug;
		};
		37D326ED28856E21000EB6C7 /* Release */ = {
			isa = XCBuildConfiguration;
			buildSettings = {
				ALWAYS_SEARCH_USER_PATHS = NO;
				CLANG_ANALYZER_NONNULL = YES;
				CLANG_ANALYZER_NUMBER_OBJECT_CONVERSION = YES_AGGRESSIVE;
				CLANG_CXX_LANGUAGE_STANDARD = "gnu++17";
				CLANG_ENABLE_MODULES = YES;
				CLANG_ENABLE_OBJC_ARC = YES;
				CLANG_ENABLE_OBJC_WEAK = YES;
				CLANG_WARN_BLOCK_CAPTURE_AUTORELEASING = YES;
				CLANG_WARN_BOOL_CONVERSION = YES;
				CLANG_WARN_COMMA = YES;
				CLANG_WARN_CONSTANT_CONVERSION = YES;
				CLANG_WARN_DEPRECATED_OBJC_IMPLEMENTATIONS = YES;
				CLANG_WARN_DIRECT_OBJC_ISA_USAGE = YES_ERROR;
				CLANG_WARN_DOCUMENTATION_COMMENTS = YES;
				CLANG_WARN_EMPTY_BODY = YES;
				CLANG_WARN_ENUM_CONVERSION = YES;
				CLANG_WARN_INFINITE_RECURSION = YES;
				CLANG_WARN_INT_CONVERSION = YES;
				CLANG_WARN_NON_LITERAL_NULL_CONVERSION = YES;
				CLANG_WARN_OBJC_IMPLICIT_RETAIN_SELF = YES;
				CLANG_WARN_OBJC_LITERAL_CONVERSION = YES;
				CLANG_WARN_OBJC_ROOT_CLASS = YES_ERROR;
				CLANG_WARN_QUOTED_INCLUDE_IN_FRAMEWORK_HEADER = YES;
				CLANG_WARN_RANGE_LOOP_ANALYSIS = YES;
				CLANG_WARN_STRICT_PROTOTYPES = YES;
				CLANG_WARN_SUSPICIOUS_MOVE = YES;
				CLANG_WARN_UNGUARDED_AVAILABILITY = YES_AGGRESSIVE;
				CLANG_WARN_UNREACHABLE_CODE = YES;
				CLANG_WARN__DUPLICATE_METHOD_MATCH = YES;
				COPY_PHASE_STRIP = NO;
				DEBUG_INFORMATION_FORMAT = "dwarf-with-dsym";
				ENABLE_NS_ASSERTIONS = NO;
				ENABLE_STRICT_OBJC_MSGSEND = YES;
				GCC_C_LANGUAGE_STANDARD = gnu11;
				GCC_NO_COMMON_BLOCKS = YES;
				GCC_WARN_64_TO_32_BIT_CONVERSION = YES;
				GCC_WARN_ABOUT_RETURN_TYPE = YES_ERROR;
				GCC_WARN_UNDECLARED_SELECTOR = YES;
				GCC_WARN_UNINITIALIZED_AUTOS = YES_AGGRESSIVE;
				GCC_WARN_UNUSED_FUNCTION = YES;
				GCC_WARN_UNUSED_VARIABLE = YES;
				IPHONEOS_DEPLOYMENT_TARGET = 15.5;
				MTL_ENABLE_DEBUG_INFO = NO;
				MTL_FAST_MATH = YES;
				SDKROOT = iphoneos;
				SWIFT_COMPILATION_MODE = wholemodule;
				SWIFT_OPTIMIZATION_LEVEL = "-O";
				VALIDATE_PRODUCT = YES;
			};
			name = Release;
		};
		37D326EF28856E21000EB6C7 /* Debug */ = {
			isa = XCBuildConfiguration;
			buildSettings = {
				ASSETCATALOG_COMPILER_APPICON_NAME = AppIcon;
				ASSETCATALOG_COMPILER_GLOBAL_ACCENT_COLOR_NAME = AccentColor;
				CODE_SIGN_STYLE = Automatic;
				CURRENT_PROJECT_VERSION = 1;
				DEVELOPMENT_ASSET_PATHS = "\"Currency_SwiftUI/Preview Content\"";
				DEVELOPMENT_TEAM = AL8788FSJV;
				ENABLE_PREVIEWS = YES;
				GENERATE_INFOPLIST_FILE = YES;
				INFOPLIST_KEY_UIApplicationSceneManifest_Generation = YES;
				INFOPLIST_KEY_UIApplicationSupportsIndirectInputEvents = YES;
				INFOPLIST_KEY_UILaunchScreen_Generation = YES;
				INFOPLIST_KEY_UISupportedInterfaceOrientations_iPad = "UIInterfaceOrientationPortrait UIInterfaceOrientationPortraitUpsideDown UIInterfaceOrientationLandscapeLeft UIInterfaceOrientationLandscapeRight";
				INFOPLIST_KEY_UISupportedInterfaceOrientations_iPhone = "UIInterfaceOrientationPortrait UIInterfaceOrientationLandscapeLeft UIInterfaceOrientationLandscapeRight";
				LD_RUNPATH_SEARCH_PATHS = (
					"$(inherited)",
					"@executable_path/Frameworks",
				);
				MARKETING_VERSION = 1.0;
				PRODUCT_BUNDLE_IDENTIFIER = "com.serhiimozghovyi..Currency-SwiftUI";
				PRODUCT_NAME = "$(TARGET_NAME)";
				SWIFT_EMIT_LOC_STRINGS = YES;
				SWIFT_VERSION = 5.0;
				TARGETED_DEVICE_FAMILY = "1,2";
			};
			name = Debug;
		};
		37D326F028856E21000EB6C7 /* Release */ = {
			isa = XCBuildConfiguration;
			buildSettings = {
				ASSETCATALOG_COMPILER_APPICON_NAME = AppIcon;
				ASSETCATALOG_COMPILER_GLOBAL_ACCENT_COLOR_NAME = AccentColor;
				CODE_SIGN_STYLE = Automatic;
				CURRENT_PROJECT_VERSION = 1;
				DEVELOPMENT_ASSET_PATHS = "\"Currency_SwiftUI/Preview Content\"";
				DEVELOPMENT_TEAM = AL8788FSJV;
				ENABLE_PREVIEWS = YES;
				GENERATE_INFOPLIST_FILE = YES;
				INFOPLIST_KEY_UIApplicationSceneManifest_Generation = YES;
				INFOPLIST_KEY_UIApplicationSupportsIndirectInputEvents = YES;
				INFOPLIST_KEY_UILaunchScreen_Generation = YES;
				INFOPLIST_KEY_UISupportedInterfaceOrientations_iPad = "UIInterfaceOrientationPortrait UIInterfaceOrientationPortraitUpsideDown UIInterfaceOrientationLandscapeLeft UIInterfaceOrientationLandscapeRight";
				INFOPLIST_KEY_UISupportedInterfaceOrientations_iPhone = "UIInterfaceOrientationPortrait UIInterfaceOrientationLandscapeLeft UIInterfaceOrientationLandscapeRight";
				LD_RUNPATH_SEARCH_PATHS = (
					"$(inherited)",
					"@executable_path/Frameworks",
				);
				MARKETING_VERSION = 1.0;
				PRODUCT_BUNDLE_IDENTIFIER = "com.serhiimozghovyi..Currency-SwiftUI";
				PRODUCT_NAME = "$(TARGET_NAME)";
				SWIFT_EMIT_LOC_STRINGS = YES;
				SWIFT_VERSION = 5.0;
				TARGETED_DEVICE_FAMILY = "1,2";
			};
			name = Release;
		};
/* End XCBuildConfiguration section */

/* Begin XCConfigurationList section */
		37D326DB28856E1E000EB6C7 /* Build configuration list for PBXProject "Currency_SwiftUI" */ = {
			isa = XCConfigurationList;
			buildConfigurations = (
				37D326EC28856E21000EB6C7 /* Debug */,
				37D326ED28856E21000EB6C7 /* Release */,
			);
			defaultConfigurationIsVisible = 0;
			defaultConfigurationName = Release;
		};
		37D326EE28856E21000EB6C7 /* Build configuration list for PBXNativeTarget "Currency_SwiftUI" */ = {
			isa = XCConfigurationList;
			buildConfigurations = (
				37D326EF28856E21000EB6C7 /* Debug */,
				37D326F028856E21000EB6C7 /* Release */,
			);
			defaultConfigurationIsVisible = 0;
			defaultConfigurationName = Release;
		};
/* End XCConfigurationList section */

/* Begin XCRemoteSwiftPackageReference section */
		37D326F428856EF2000EB6C7 /* XCRemoteSwiftPackageReference "Alamofire" */ = {
			isa = XCRemoteSwiftPackageReference;
			repositoryURL = "https://github.com/Alamofire/Alamofire.git";
			requirement = {
				branch = master;
				kind = branch;
			};
		};
/* End XCRemoteSwiftPackageReference section */

/* Begin XCSwiftPackageProductDependency section */
		37D326F528856EF2000EB6C7 /* Alamofire */ = {
			isa = XCSwiftPackageProductDependency;
			package = 37D326F428856EF2000EB6C7 /* XCRemoteSwiftPackageReference "Alamofire" */;
			productName = Alamofire;
		};
/* End XCSwiftPackageProductDependency section */
	};
	rootObject = 37D326D828856E1E000EB6C7 /* Project object */;
}
